{
  "version": "3",
  "redirects": {
    "https://unpkg.com/convert": "https://unpkg.com/convert@4.14.0/dist/convert.prod.mjs",
    "https://unpkg.com/ohm-js@17/index.d.ts": "https://unpkg.com/ohm-js@17.1.0/index.d.ts",
    "https://unpkg.com/ohm-js@17/index.mjs": "https://unpkg.com/ohm-js@17.1.0/index.mjs"
  },
  "remote": {
    "https://cdn.skypack.dev/-/convert@v4.14.0-k1vPdB5xYjEkctQyq6Y9/dist=es2019,mode=imports/optimized/convert.js": "a8e472d17cfbdb5f6fcedb2aaa0957e022e24d4b57941a0e9abd0851b4eef10d",
    "https://cdn.skypack.dev/-/ohm-js@v17.1.0-3srSLQC0NW5SD3YRRuzn/dist=es2019,mode=imports/optimized/common/main-a4767563.js": "ed46d0835ef5e7054b6e45fd9ef9de4b63eb1568c92df5dbd162e020ae7c66d9",
    "https://cdn.skypack.dev/-/ohm-js@v17.1.0-3srSLQC0NW5SD3YRRuzn/dist=es2019,mode=imports/optimized/ohm-js.js": "35f384a3b2598b957bf570458da1c670fc764ac453e8863eb6513b3e54a503e7",
    "https://cdn.skypack.dev/convert@4": "8417af8591c2b70ddaef80a8468653afb98ccb474302e9bbfff4acffb1101406",
    "https://cdn.skypack.dev/ohm-js": "345f4557c6ffacdb3619ab1ed4005c77b86e7e53465b572b8a5bbc2495606f41",
    "https://deno.land/std@0.210.0/assert/_constants.ts": "8a9da298c26750b28b326b297316cdde860bc237533b07e1337c021379e6b2a9",
    "https://deno.land/std@0.210.0/assert/_diff.ts": "2c9371f17cf08cbb843c924bc31ca77af422ec4fe162f73d42c651d547573fa8",
    "https://deno.land/std@0.210.0/assert/_format.ts": "335ce8e15c65b679ad142dbc9e5e97e5d58602c39dd3c9175cef6c85fe22d6d5",
    "https://deno.land/std@0.210.0/assert/assert.ts": "e265ad50a9341f3b40e51dd4cb41ab253d976943ba78a977106950e52e0302ab",
    "https://deno.land/std@0.210.0/assert/assert_almost_equals.ts": "a70d637856e1c6128dc733346d32aa73c67058489495116ca85091c39a60c767",
    "https://deno.land/std@0.210.0/assert/assert_array_includes.ts": "59d005d8897c1fbcbd5792170833f13a867f6a5ecd5a6b34a3d86b4b430de63c",
    "https://deno.land/std@0.210.0/assert/assert_equals.ts": "991b0c2b437a015d623654f758e48bfd931068211a52e8131b397cdf005c595f",
    "https://deno.land/std@0.210.0/assert/assert_exists.ts": "f24ecb0d3febad358a6cee235f012551077e07692517ebfe0630a561ba40a703",
    "https://deno.land/std@0.210.0/assert/assert_false.ts": "99cf237fe374cabf57072d2fb41b3eaff389029f850fbb96f643c875792f10ce",
    "https://deno.land/std@0.210.0/assert/assert_greater.ts": "e0bba9ac76a780573a864ab6eeb8b9fd71435b750bdd36d56a270e22ab9a79d9",
    "https://deno.land/std@0.210.0/assert/assert_greater_or_equal.ts": "aea1c7dc868926ba55f1e59f8c3560bb44706b5e3b6b009453ee4064eecf6746",
    "https://deno.land/std@0.210.0/assert/assert_instance_of.ts": "7c093d36b1a86666d5a60a8c290c91a51a627153b821a5a4dc40b24cab69f1e7",
    "https://deno.land/std@0.210.0/assert/assert_is_error.ts": "a8a758581661edec514c453910bee2f9c91b1346a515c58404963b130d81cd80",
    "https://deno.land/std@0.210.0/assert/assert_less.ts": "855aa58e49afa6a9e825f1abcd5947dc789c5878fc1b6f48b8a08115d48da32b",
    "https://deno.land/std@0.210.0/assert/assert_less_or_equal.ts": "2ae5246bd0e83da26e5c8e2815d1493252f71f7dc02afb83dc2fc0e0fb0bd894",
    "https://deno.land/std@0.210.0/assert/assert_match.ts": "e541a9769cf5726312ff9e15031e2faa2df3c59fbdc5573c8758b1f4668ccc62",
    "https://deno.land/std@0.210.0/assert/assert_not_equals.ts": "6bce4b28f3316029c0aef107f8390796798835c382d31c1004160baef0b80db0",
    "https://deno.land/std@0.210.0/assert/assert_not_instance_of.ts": "866243fd28bc6665e2ffcc027a9df1d2a69cb644aef1e9b8d1ce34377c6b8a84",
    "https://deno.land/std@0.210.0/assert/assert_not_match.ts": "59707eceb0d2b16d6892fbf92ec86f92fd76fcfc55f8b61508299db7d2972cab",
    "https://deno.land/std@0.210.0/assert/assert_not_strict_equals.ts": "c84b8e229450e8dfc44b9910d602788313ff7333d67d5bd8528371567b6a3632",
    "https://deno.land/std@0.210.0/assert/assert_object_match.ts": "ebeff248d48e5810f787e8742ae4f6b39904f4640edc2f69796596ceb6dbcdf8",
    "https://deno.land/std@0.210.0/assert/assert_rejects.ts": "f7e83272d816e1b39710012a0597ed950db2de6b193adcc5e50ddbcd9e177767",
    "https://deno.land/std@0.210.0/assert/assert_strict_equals.ts": "4007dabef1c2e9d6f1bb0e948ba7ba99ec9b1bee97ba34d67f7c10e7e5d794f7",
    "https://deno.land/std@0.210.0/assert/assert_string_includes.ts": "108a30d9348e5ff7a8b0b7cc836cf0a8cff27d5b33e861b8c56b52cc60b8219a",
    "https://deno.land/std@0.210.0/assert/assert_throws.ts": "a8767e6a06e94bac42ca9eebdad5d4e2decbc0c48bc892da7e06aa1fe0b388ba",
    "https://deno.land/std@0.210.0/assert/assertion_error.ts": "26ed1863d905005f00785c89750c001c3522c5417e4f58f95044b8143cfc1593",
    "https://deno.land/std@0.210.0/assert/equal.ts": "6f81c8a3b12c08bdc3510c8a1293b4db1c083692219d7e3828d2234b448d3d3d",
    "https://deno.land/std@0.210.0/assert/fail.ts": "f56fc64f9a141f98c1be5ff1005ddf158db888b7b206510e955bb3fedc69021c",
    "https://deno.land/std@0.210.0/assert/mod.ts": "37c49a26aae2b254bbe25723434dc28cd7532e444cf0b481a97c045d110ec085",
    "https://deno.land/std@0.210.0/assert/unimplemented.ts": "4e3e504792c87c485dbc5f4020489d8806ef697741403af2008dfa7b5a4711e8",
    "https://deno.land/std@0.210.0/assert/unreachable.ts": "1af8c99421cc5fb7332454b2b9eca074a4e394895a180bc837750dedcca75338",
    "https://deno.land/std@0.210.0/fmt/colors.ts": "2685c524bef9b16b3059a417daf6860c754eb755e19e812762ef5dff62f24481",
    "https://deno.land/x/ohm_js@v17.1.0/dist/built-in-rules.js": "bc8d67f368ee9782d8138f213c491dadb2d4af71d587005a1afa5d7b92f6004a",
    "https://deno.land/x/ohm_js@v17.1.0/dist/ohm-grammar.js": "547c3374648acdd6747b267b317848b6225a2da80ca2c64b5bb4e90115871919",
    "https://deno.land/x/ohm_js@v17.1.0/dist/operations-and-attributes.js": "1c065749291b6f35e7bc423eb22d71d01bb324de46457433e9469e9d492e65b5",
    "https://deno.land/x/ohm_js@v17.1.0/index.mjs": "dcf81950d5cd07d07e7d334ba5fc96ce979d6cda4403455dac5eff90e4b00856",
    "https://deno.land/x/ohm_js@v17.1.0/src/Builder.js": "b0e0affbebf98c72795fcef20304d6b3f5a68e8d7edaac592a34341257e23b4a",
    "https://deno.land/x/ohm_js@v17.1.0/src/CaseInsensitiveTerminal.js": "033b68a3c89685a2e975b9b2f4af890e78346b92945f51e8579481ee6bcc3438",
    "https://deno.land/x/ohm_js@v17.1.0/src/Failure.js": "d72c87bcd5bc620c2d518743435acfbfcea2c3eaf4bb8fcec55df0e12aae28ed",
    "https://deno.land/x/ohm_js@v17.1.0/src/Grammar.js": "98fd716f4ae3ccf8ee1bd0309f2f0a51cec47e3accf80d1bd2d3a846b8c57e37",
    "https://deno.land/x/ohm_js@v17.1.0/src/GrammarDecl.js": "f0b52c30ec738e9c0f4e160abdbe64e89420965ee4f5ffd5721c45ab4eb97530",
    "https://deno.land/x/ohm_js@v17.1.0/src/IndentationSensitive.js": "87de5935488643b07b67d0a7de92bf2f02954d67674007c793f48cbf118d093e",
    "https://deno.land/x/ohm_js@v17.1.0/src/InputStream.js": "6776ec26b16264a02cb43153a9b3ab4561477ae738f02e171c71686bf915457b",
    "https://deno.land/x/ohm_js@v17.1.0/src/Interval.js": "18ac908c9f2a9954140c315a4d7ddd8e52ee0233bb3c8a75ce88d336065f483d",
    "https://deno.land/x/ohm_js@v17.1.0/src/MatchResult.js": "75b67f3c6c626562f744539646268b46b3976f585062f1881dd416c4fb581d22",
    "https://deno.land/x/ohm_js@v17.1.0/src/MatchState.js": "c835a808e5877d2cb497a24b4b59f7f8a17373ba2b06be7484c35e37d478ac93",
    "https://deno.land/x/ohm_js@v17.1.0/src/Matcher.js": "0782468f511c7242de6bf62d2ec5841fd81da3c240eca2764712aa9366c91e2e",
    "https://deno.land/x/ohm_js@v17.1.0/src/PosInfo.js": "b723c3792f1cd33b09fe3632859eb6582e1f3b303ed5d4ae445b33679e1f5845",
    "https://deno.land/x/ohm_js@v17.1.0/src/Semantics.js": "bd900560a01da4a253b529db1ea295545681d3e3a7a74fd2bd616f714ccf7d57",
    "https://deno.land/x/ohm_js@v17.1.0/src/Trace.js": "6c583ba62f231ff09d8a54453ada2af5e662b4c76774fd3ce271a18100cee033",
    "https://deno.land/x/ohm_js@v17.1.0/src/UnicodeCategories.js": "6903ddd015a75e86b973622718a5b6938bedd4be2887402de9f793d7c913c9b0",
    "https://deno.land/x/ohm_js@v17.1.0/src/buildGrammar.js": "0d42670caa9cda5ba8ce8587a0c4b704f8bbad078945eabaca444e5e275da56b",
    "https://deno.land/x/ohm_js@v17.1.0/src/common.js": "61edbb222ea4a07775f49c74812c568572006d94596a6fdd39f44f41f45b71bf",
    "https://deno.land/x/ohm_js@v17.1.0/src/errors.js": "596d0eb77b371ad854fc679416d8778466431573914fbf7d5f37b62082902666",
    "https://deno.land/x/ohm_js@v17.1.0/src/findIndentation.js": "b9665153771d18275981d572e6beb247540150da46953a30419b2d124f4b9539",
    "https://deno.land/x/ohm_js@v17.1.0/src/main-kernel.js": "7260b2ee23631029dc434b7f30a2f02610f6cab5f662caebb1253806d0ec3ad9",
    "https://deno.land/x/ohm_js@v17.1.0/src/main.js": "42e82580e27e601cd3d4223639be888256288aa3ebc74b25c653cdecc7930d92",
    "https://deno.land/x/ohm_js@v17.1.0/src/makeRecipe.js": "dbb2015e7cc61b28a103c4f5f81a7a5860476fd7d4722a6ff6bf10ef591b492a",
    "https://deno.land/x/ohm_js@v17.1.0/src/nodes.js": "df936b2423d6e585dc0aa52cbaf1eea4798c674ee4f3073231e68523ed347e1b",
    "https://deno.land/x/ohm_js@v17.1.0/src/pexprs-allowsSkippingPrecedingSpace.js": "0585fa4a6bc73de87923be9eab53cfe72dc24dd8d08dc65ebee0adb63e489636",
    "https://deno.land/x/ohm_js@v17.1.0/src/pexprs-assertAllApplicationsAreValid.js": "9b558e52e1df9510d6781b2b2c914e6e7162a0c83be81dd9fce448698d6a6085",
    "https://deno.land/x/ohm_js@v17.1.0/src/pexprs-assertChoicesHaveUniformArity.js": "33bad9cc4bb69ac3f0f03fc1ec57dea081ce24a764435bd1f012b75fcf2c2b95",
    "https://deno.land/x/ohm_js@v17.1.0/src/pexprs-assertIteratedExprsAreNotNullable.js": "aebaa0f5129f6a0fb574703e9030dcf12b7c24f0e9e4acae722267e1f75feec5",
    "https://deno.land/x/ohm_js@v17.1.0/src/pexprs-eval.js": "31aeec87fc8da7ccf7daf3bb5cf99c13f0806208f0a71fecbcc12a892386ee3a",
    "https://deno.land/x/ohm_js@v17.1.0/src/pexprs-getArity.js": "e5f912c85aa2431b877e27591c83fdc1d8cfa955cb0446b86e7d67ae54fa49e8",
    "https://deno.land/x/ohm_js@v17.1.0/src/pexprs-introduceParams.js": "7b27da339c187eb46b093174172acd595ed1efeeedab1c3c07020a7a9d76bfdc",
    "https://deno.land/x/ohm_js@v17.1.0/src/pexprs-isNullable.js": "11a41ce55a54ac30e16ef37bd29e79f1a95ddd6653bdce99b758fed08564e205",
    "https://deno.land/x/ohm_js@v17.1.0/src/pexprs-main.js": "bdf10831b3784b24bd9891d56dfb58ba75b2a604616af7319b3744f2c54b74e6",
    "https://deno.land/x/ohm_js@v17.1.0/src/pexprs-outputRecipe.js": "bd958c5ff46730299bf5cf6c5b99d29c23578c28d76da623ea968776b4c979ad",
    "https://deno.land/x/ohm_js@v17.1.0/src/pexprs-substituteParams.js": "6d1a2f9a6e04beb9a2564b19fbdf5a0507e26304a52b3f49eedf1ea550234386",
    "https://deno.land/x/ohm_js@v17.1.0/src/pexprs-toArgumentNameList.js": "ba87210ed690a00298c9d3ea0b88038aa02abb5dbbb61134e98992ff9bee61ff",
    "https://deno.land/x/ohm_js@v17.1.0/src/pexprs-toDisplayString.js": "ed419a82aa9a4da7766593ac57e3047036ece17f16359c4bebe0221cd59e6cb3",
    "https://deno.land/x/ohm_js@v17.1.0/src/pexprs-toFailure.js": "7ec43d1467a10ce4ce46f5c2e3080da63413db62f4a8d3b85f47e5d465886a29",
    "https://deno.land/x/ohm_js@v17.1.0/src/pexprs-toString.js": "6ed957c4021cb38cbb264f0fe16559922522d4cacae6bfc29c24fe870791d68c",
    "https://deno.land/x/ohm_js@v17.1.0/src/pexprs.js": "515a3426782e14918f91dcb61089b924d62bc292ae2fb6d7fc27030e1cdcd11e",
    "https://deno.land/x/ohm_js@v17.1.0/src/semanticsDeferredInit.js": "b7697f5a5ac28923f8e0c73a5a55ae1d7d0e81cebf506453c2d04942ec9a42e3",
    "https://deno.land/x/ohm_js@v17.1.0/src/util.js": "ac479fc00eefdc227013da5778a321e8530b7227e135c736a24c408e3712ec52",
    "https://deno.land/x/ohm_js@v17.1.0/src/version.js": "d17a24a1f64223f0808b5760514653e231b72ccec389a77750f8460a6a435254",
    "https://unpkg.com/convert@4.14.0/dist/convert.prod.mjs": "51fb182144a883eac056a4df7c2e7942cbd4c5dd49a933a3fd1ca6829d31fedf",
    "https://unpkg.com/ohm-js@17.1.0/dist/built-in-rules.js": "bc8d67f368ee9782d8138f213c491dadb2d4af71d587005a1afa5d7b92f6004a",
    "https://unpkg.com/ohm-js@17.1.0/dist/ohm-grammar.js": "547c3374648acdd6747b267b317848b6225a2da80ca2c64b5bb4e90115871919",
    "https://unpkg.com/ohm-js@17.1.0/dist/operations-and-attributes.js": "1c065749291b6f35e7bc423eb22d71d01bb324de46457433e9469e9d492e65b5",
    "https://unpkg.com/ohm-js@17.1.0/index.mjs": "dcf81950d5cd07d07e7d334ba5fc96ce979d6cda4403455dac5eff90e4b00856",
    "https://unpkg.com/ohm-js@17.1.0/src/Builder.js": "b0e0affbebf98c72795fcef20304d6b3f5a68e8d7edaac592a34341257e23b4a",
    "https://unpkg.com/ohm-js@17.1.0/src/CaseInsensitiveTerminal.js": "033b68a3c89685a2e975b9b2f4af890e78346b92945f51e8579481ee6bcc3438",
    "https://unpkg.com/ohm-js@17.1.0/src/Failure.js": "d72c87bcd5bc620c2d518743435acfbfcea2c3eaf4bb8fcec55df0e12aae28ed",
    "https://unpkg.com/ohm-js@17.1.0/src/Grammar.js": "98fd716f4ae3ccf8ee1bd0309f2f0a51cec47e3accf80d1bd2d3a846b8c57e37",
    "https://unpkg.com/ohm-js@17.1.0/src/GrammarDecl.js": "f0b52c30ec738e9c0f4e160abdbe64e89420965ee4f5ffd5721c45ab4eb97530",
    "https://unpkg.com/ohm-js@17.1.0/src/IndentationSensitive.js": "87de5935488643b07b67d0a7de92bf2f02954d67674007c793f48cbf118d093e",
    "https://unpkg.com/ohm-js@17.1.0/src/InputStream.js": "6776ec26b16264a02cb43153a9b3ab4561477ae738f02e171c71686bf915457b",
    "https://unpkg.com/ohm-js@17.1.0/src/Interval.js": "18ac908c9f2a9954140c315a4d7ddd8e52ee0233bb3c8a75ce88d336065f483d",
    "https://unpkg.com/ohm-js@17.1.0/src/MatchResult.js": "75b67f3c6c626562f744539646268b46b3976f585062f1881dd416c4fb581d22",
    "https://unpkg.com/ohm-js@17.1.0/src/MatchState.js": "c835a808e5877d2cb497a24b4b59f7f8a17373ba2b06be7484c35e37d478ac93",
    "https://unpkg.com/ohm-js@17.1.0/src/Matcher.js": "0782468f511c7242de6bf62d2ec5841fd81da3c240eca2764712aa9366c91e2e",
    "https://unpkg.com/ohm-js@17.1.0/src/PosInfo.js": "b723c3792f1cd33b09fe3632859eb6582e1f3b303ed5d4ae445b33679e1f5845",
    "https://unpkg.com/ohm-js@17.1.0/src/Semantics.js": "bd900560a01da4a253b529db1ea295545681d3e3a7a74fd2bd616f714ccf7d57",
    "https://unpkg.com/ohm-js@17.1.0/src/Trace.js": "6c583ba62f231ff09d8a54453ada2af5e662b4c76774fd3ce271a18100cee033",
    "https://unpkg.com/ohm-js@17.1.0/src/UnicodeCategories.js": "6903ddd015a75e86b973622718a5b6938bedd4be2887402de9f793d7c913c9b0",
    "https://unpkg.com/ohm-js@17.1.0/src/buildGrammar.js": "0d42670caa9cda5ba8ce8587a0c4b704f8bbad078945eabaca444e5e275da56b",
    "https://unpkg.com/ohm-js@17.1.0/src/common.js": "61edbb222ea4a07775f49c74812c568572006d94596a6fdd39f44f41f45b71bf",
    "https://unpkg.com/ohm-js@17.1.0/src/errors.js": "596d0eb77b371ad854fc679416d8778466431573914fbf7d5f37b62082902666",
    "https://unpkg.com/ohm-js@17.1.0/src/findIndentation.js": "b9665153771d18275981d572e6beb247540150da46953a30419b2d124f4b9539",
    "https://unpkg.com/ohm-js@17.1.0/src/main-kernel.js": "7260b2ee23631029dc434b7f30a2f02610f6cab5f662caebb1253806d0ec3ad9",
    "https://unpkg.com/ohm-js@17.1.0/src/main.js": "42e82580e27e601cd3d4223639be888256288aa3ebc74b25c653cdecc7930d92",
    "https://unpkg.com/ohm-js@17.1.0/src/makeRecipe.js": "dbb2015e7cc61b28a103c4f5f81a7a5860476fd7d4722a6ff6bf10ef591b492a",
    "https://unpkg.com/ohm-js@17.1.0/src/nodes.js": "df936b2423d6e585dc0aa52cbaf1eea4798c674ee4f3073231e68523ed347e1b",
    "https://unpkg.com/ohm-js@17.1.0/src/pexprs-allowsSkippingPrecedingSpace.js": "0585fa4a6bc73de87923be9eab53cfe72dc24dd8d08dc65ebee0adb63e489636",
    "https://unpkg.com/ohm-js@17.1.0/src/pexprs-assertAllApplicationsAreValid.js": "9b558e52e1df9510d6781b2b2c914e6e7162a0c83be81dd9fce448698d6a6085",
    "https://unpkg.com/ohm-js@17.1.0/src/pexprs-assertChoicesHaveUniformArity.js": "33bad9cc4bb69ac3f0f03fc1ec57dea081ce24a764435bd1f012b75fcf2c2b95",
    "https://unpkg.com/ohm-js@17.1.0/src/pexprs-assertIteratedExprsAreNotNullable.js": "aebaa0f5129f6a0fb574703e9030dcf12b7c24f0e9e4acae722267e1f75feec5",
    "https://unpkg.com/ohm-js@17.1.0/src/pexprs-eval.js": "31aeec87fc8da7ccf7daf3bb5cf99c13f0806208f0a71fecbcc12a892386ee3a",
    "https://unpkg.com/ohm-js@17.1.0/src/pexprs-getArity.js": "e5f912c85aa2431b877e27591c83fdc1d8cfa955cb0446b86e7d67ae54fa49e8",
    "https://unpkg.com/ohm-js@17.1.0/src/pexprs-introduceParams.js": "7b27da339c187eb46b093174172acd595ed1efeeedab1c3c07020a7a9d76bfdc",
    "https://unpkg.com/ohm-js@17.1.0/src/pexprs-isNullable.js": "11a41ce55a54ac30e16ef37bd29e79f1a95ddd6653bdce99b758fed08564e205",
    "https://unpkg.com/ohm-js@17.1.0/src/pexprs-main.js": "bdf10831b3784b24bd9891d56dfb58ba75b2a604616af7319b3744f2c54b74e6",
    "https://unpkg.com/ohm-js@17.1.0/src/pexprs-outputRecipe.js": "bd958c5ff46730299bf5cf6c5b99d29c23578c28d76da623ea968776b4c979ad",
    "https://unpkg.com/ohm-js@17.1.0/src/pexprs-substituteParams.js": "6d1a2f9a6e04beb9a2564b19fbdf5a0507e26304a52b3f49eedf1ea550234386",
    "https://unpkg.com/ohm-js@17.1.0/src/pexprs-toArgumentNameList.js": "ba87210ed690a00298c9d3ea0b88038aa02abb5dbbb61134e98992ff9bee61ff",
    "https://unpkg.com/ohm-js@17.1.0/src/pexprs-toDisplayString.js": "ed419a82aa9a4da7766593ac57e3047036ece17f16359c4bebe0221cd59e6cb3",
    "https://unpkg.com/ohm-js@17.1.0/src/pexprs-toFailure.js": "7ec43d1467a10ce4ce46f5c2e3080da63413db62f4a8d3b85f47e5d465886a29",
    "https://unpkg.com/ohm-js@17.1.0/src/pexprs-toString.js": "6ed957c4021cb38cbb264f0fe16559922522d4cacae6bfc29c24fe870791d68c",
    "https://unpkg.com/ohm-js@17.1.0/src/pexprs.js": "515a3426782e14918f91dcb61089b924d62bc292ae2fb6d7fc27030e1cdcd11e",
    "https://unpkg.com/ohm-js@17.1.0/src/semanticsDeferredInit.js": "b7697f5a5ac28923f8e0c73a5a55ae1d7d0e81cebf506453c2d04942ec9a42e3",
    "https://unpkg.com/ohm-js@17.1.0/src/util.js": "ac479fc00eefdc227013da5778a321e8530b7227e135c736a24c408e3712ec52",
    "https://unpkg.com/ohm-js@17.1.0/src/version.js": "d17a24a1f64223f0808b5760514653e231b72ccec389a77750f8460a6a435254"
  }
}
